// !$*UTF8*$!
{
	archiveVersion = 1;
	classes = {
	};
	objectVersion = 56;
	objects = {

/* Begin PBXBuildFile section */
		DF08542D2CA28097001AB2E3 /* DynamicArray.cpp in Sources */ = {isa = PBXBuildFile; fileRef = DF08542C2CA28097001AB2E3 /* DynamicArray.cpp */; };
		DF2A8D212CC2B2D900E445EE /* AdjacencyLists.cpp in Sources */ = {isa = PBXBuildFile; fileRef = DF2A8D202CC2B2D900E445EE /* AdjacencyLists.cpp */; };
		DF308A712C92059B0087D743 /* ProductArrayPuzzle.cpp in Sources */ = {isa = PBXBuildFile; fileRef = DF308A702C92059B0087D743 /* ProductArrayPuzzle.cpp */; };
		DF36C8502CC7CC1D00820A7F /* Solutie5.cpp in Sources */ = {isa = PBXBuildFile; fileRef = DF36C84F2CC7CC1D00820A7F /* Solutie5.cpp */; };
		DF3AB6772C9356AE0087FDF0 /* RearrangingArray.cpp in Sources */ = {isa = PBXBuildFile; fileRef = DF3AB6752C9356AE0087FDF0 /* RearrangingArray.cpp */; };
		DF3AB67E2C935D720087FDF0 /* MergeSort.cpp in Sources */ = {isa = PBXBuildFile; fileRef = DF3AB67C2C935D720087FDF0 /* MergeSort.cpp */; };
		DF3AB6802C93669B0087FDF0 /* main.cpp in Sources */ = {isa = PBXBuildFile; fileRef = DF3AB67F2C93669B0087FDF0 /* main.cpp */; };
		DF3AB6852C93745B0087FDF0 /* Stack.cpp in Sources */ = {isa = PBXBuildFile; fileRef = DF3AB6832C93745B0087FDF0 /* Stack.cpp */; };
		DF3AB6892C9383030087FDF0 /* Queue.cpp in Sources */ = {isa = PBXBuildFile; fileRef = DF3AB6872C9383030087FDF0 /* Queue.cpp */; };
		DF522E442CBE91B500022B8B /* Solutie4.cpp in Sources */ = {isa = PBXBuildFile; fileRef = DF522E432CBE91B500022B8B /* Solutie4.cpp */; };
		DF72F1252CB833BA00F0EE80 /* AdjacencyMatrix.cpp in Sources */ = {isa = PBXBuildFile; fileRef = DF72F1242CB833BA00F0EE80 /* AdjacencyMatrix.cpp */; };
		DF9428E02C99A96F00A017B6 /* romanToInteger.cpp in Sources */ = {isa = PBXBuildFile; fileRef = DF9428DE2C99A96F00A017B6 /* romanToInteger.cpp */; };
		DFBD54062CD120E6000DFA38 /* Solutie6.cpp in Sources */ = {isa = PBXBuildFile; fileRef = DFBD54052CD120E6000DFA38 /* Solutie6.cpp */; };
		DFC51CE62CB55F9000B74DA1 /* Solutie1.cpp in Sources */ = {isa = PBXBuildFile; fileRef = DFC51CE52CB55F9000B74DA1 /* Solutie1.cpp */; };
		DFC51CEB2CB5612900B74DA1 /* Solutie2.cpp in Sources */ = {isa = PBXBuildFile; fileRef = DFC51CEA2CB5612900B74DA1 /* Solutie2.cpp */; };
		DFC51CEF2CB58E5E00B74DA1 /* Solutie3.cpp in Sources */ = {isa = PBXBuildFile; fileRef = DFC51CEE2CB58E5E00B74DA1 /* Solutie3.cpp */; };
		DFCACBE32C94887D00891351 /* SinglyLinkedList.cpp in Sources */ = {isa = PBXBuildFile; fileRef = DFCACBE12C94887D00891351 /* SinglyLinkedList.cpp */; };
		DFCACBE92C94B2DD00891351 /* DoublyLinkedList.cpp in Sources */ = {isa = PBXBuildFile; fileRef = DFCACBE72C94B2DD00891351 /* DoublyLinkedList.cpp */; };
		DFEAC93E2CAC2CE5002B8E88 /* LinearSearch.cpp in Sources */ = {isa = PBXBuildFile; fileRef = DFEAC93D2CAC2CE5002B8E88 /* LinearSearch.cpp */; };
		DFEAC9422CAC5BD6002B8E88 /* BinarySearch.cpp in Sources */ = {isa = PBXBuildFile; fileRef = DFEAC9412CAC5BD6002B8E88 /* BinarySearch.cpp */; };
		DFEAC9472CAE0BDD002B8E88 /* InterpolationSearch.cpp in Sources */ = {isa = PBXBuildFile; fileRef = DFEAC9462CAE0BDD002B8E88 /* InterpolationSearch.cpp */; };
		DFEAC94B2CAE1B22002B8E88 /* BubbleSort.cpp in Sources */ = {isa = PBXBuildFile; fileRef = DFEAC94A2CAE1B22002B8E88 /* BubbleSort.cpp */; };
		DFEAC94F2CAE21CA002B8E88 /* SelectionSort.cpp in Sources */ = {isa = PBXBuildFile; fileRef = DFEAC94E2CAE21CA002B8E88 /* SelectionSort.cpp */; };
		DFEAC9532CAE271E002B8E88 /* InsertionSort.cpp in Sources */ = {isa = PBXBuildFile; fileRef = DFEAC9522CAE271E002B8E88 /* InsertionSort.cpp */; };
		DFEAC9572CAE34A9002B8E88 /* QuickSort.cpp in Sources */ = {isa = PBXBuildFile; fileRef = DFEAC9562CAE34A9002B8E88 /* QuickSort.cpp */; };
		DFED59792CC2BC5500796A2A /* DepthFirstSearch.cpp in Sources */ = {isa = PBXBuildFile; fileRef = DFED59782CC2BC5500796A2A /* DepthFirstSearch.cpp */; };
/* End PBXBuildFile section */

/* Begin PBXCopyFilesBuildPhase section */
		DF308A612C9200100087D743 /* CopyFiles */ = {
			isa = PBXCopyFilesBuildPhase;
			buildActionMask = 2147483647;
			dstPath = /usr/share/man/man1/;
			dstSubfolderSpec = 0;
			files = (
			);
			runOnlyForDeploymentPostprocessing = 1;
		};
/* End PBXCopyFilesBuildPhase section */

/* Begin PBXFileReference section */
		DF08542B2CA28097001AB2E3 /* DynamicArray.hpp */ = {isa = PBXFileReference; lastKnownFileType = sourcecode.cpp.h; path = DynamicArray.hpp; sourceTree = "<group>"; };
		DF08542C2CA28097001AB2E3 /* DynamicArray.cpp */ = {isa = PBXFileReference; lastKnownFileType = sourcecode.cpp.cpp; path = DynamicArray.cpp; sourceTree = "<group>"; };
		DF2A8D1F2CC2B2D900E445EE /* AdjacencyLists.hpp */ = {isa = PBXFileReference; lastKnownFileType = sourcecode.cpp.h; path = AdjacencyLists.hpp; sourceTree = "<group>"; };
		DF2A8D202CC2B2D900E445EE /* AdjacencyLists.cpp */ = {isa = PBXFileReference; lastKnownFileType = sourcecode.cpp.cpp; path = AdjacencyLists.cpp; sourceTree = "<group>"; };
		DF308A632C9200100087D743 /* Algorithms */ = {isa = PBXFileReference; explicitFileType = "compiled.mach-o.executable"; includeInIndex = 0; path = Algorithms; sourceTree = BUILT_PRODUCTS_DIR; };
		DF308A702C92059B0087D743 /* ProductArrayPuzzle.cpp */ = {isa = PBXFileReference; lastKnownFileType = sourcecode.cpp.cpp; path = ProductArrayPuzzle.cpp; sourceTree = "<group>"; };
		DF308A752C9210890087D743 /* ProductArrayPuzzle.hpp */ = {isa = PBXFileReference; lastKnownFileType = sourcecode.cpp.h; path = ProductArrayPuzzle.hpp; sourceTree = "<group>"; };
		DF36C84E2CC7CC1D00820A7F /* Solutie5.hpp */ = {isa = PBXFileReference; lastKnownFileType = sourcecode.cpp.h; path = Solutie5.hpp; sourceTree = "<group>"; };
		DF36C84F2CC7CC1D00820A7F /* Solutie5.cpp */ = {isa = PBXFileReference; lastKnownFileType = sourcecode.cpp.cpp; path = Solutie5.cpp; sourceTree = "<group>"; };
		DF3AB6752C9356AE0087FDF0 /* RearrangingArray.cpp */ = {isa = PBXFileReference; lastKnownFileType = sourcecode.cpp.cpp; path = RearrangingArray.cpp; sourceTree = "<group>"; };
		DF3AB6762C9356AE0087FDF0 /* RearrangingArray.hpp */ = {isa = PBXFileReference; lastKnownFileType = sourcecode.cpp.h; path = RearrangingArray.hpp; sourceTree = "<group>"; };
		DF3AB67C2C935D720087FDF0 /* MergeSort.cpp */ = {isa = PBXFileReference; lastKnownFileType = sourcecode.cpp.cpp; path = MergeSort.cpp; sourceTree = "<group>"; };
		DF3AB67D2C935D720087FDF0 /* MergeSort.hpp */ = {isa = PBXFileReference; lastKnownFileType = sourcecode.cpp.h; path = MergeSort.hpp; sourceTree = "<group>"; };
		DF3AB67F2C93669B0087FDF0 /* main.cpp */ = {isa = PBXFileReference; lastKnownFileType = sourcecode.cpp.cpp; path = main.cpp; sourceTree = "<group>"; };
		DF3AB6832C93745B0087FDF0 /* Stack.cpp */ = {isa = PBXFileReference; lastKnownFileType = sourcecode.cpp.cpp; path = Stack.cpp; sourceTree = "<group>"; };
		DF3AB6842C93745B0087FDF0 /* Stack.hpp */ = {isa = PBXFileReference; lastKnownFileType = sourcecode.cpp.h; path = Stack.hpp; sourceTree = "<group>"; };
		DF3AB6872C9383030087FDF0 /* Queue.cpp */ = {isa = PBXFileReference; lastKnownFileType = sourcecode.cpp.cpp; path = Queue.cpp; sourceTree = "<group>"; };
		DF3AB6882C9383030087FDF0 /* Queue.hpp */ = {isa = PBXFileReference; lastKnownFileType = sourcecode.cpp.h; path = Queue.hpp; sourceTree = "<group>"; };
		DF522E422CBE91B500022B8B /* Solutie4.hpp */ = {isa = PBXFileReference; lastKnownFileType = sourcecode.cpp.h; path = Solutie4.hpp; sourceTree = "<group>"; };
		DF522E432CBE91B500022B8B /* Solutie4.cpp */ = {isa = PBXFileReference; lastKnownFileType = sourcecode.cpp.cpp; path = Solutie4.cpp; sourceTree = "<group>"; };
		DF72F1232CB833BA00F0EE80 /* AdjacencyMatrix.hpp */ = {isa = PBXFileReference; lastKnownFileType = sourcecode.cpp.h; path = AdjacencyMatrix.hpp; sourceTree = "<group>"; };
		DF72F1242CB833BA00F0EE80 /* AdjacencyMatrix.cpp */ = {isa = PBXFileReference; lastKnownFileType = sourcecode.cpp.cpp; path = AdjacencyMatrix.cpp; sourceTree = "<group>"; };
		DF9428DE2C99A96F00A017B6 /* romanToInteger.cpp */ = {isa = PBXFileReference; lastKnownFileType = sourcecode.cpp.cpp; path = romanToInteger.cpp; sourceTree = "<group>"; };
		DF9428DF2C99A96F00A017B6 /* romanToInteger.hpp */ = {isa = PBXFileReference; lastKnownFileType = sourcecode.cpp.h; path = romanToInteger.hpp; sourceTree = "<group>"; };
		DFBD54042CD120E6000DFA38 /* Solutie6.hpp */ = {isa = PBXFileReference; lastKnownFileType = sourcecode.cpp.h; path = Solutie6.hpp; sourceTree = "<group>"; };
		DFBD54052CD120E6000DFA38 /* Solutie6.cpp */ = {isa = PBXFileReference; lastKnownFileType = sourcecode.cpp.cpp; path = Solutie6.cpp; sourceTree = "<group>"; };
		DFC51CE02CB558DE00B74DA1 /* Solutie1in.txt */ = {isa = PBXFileReference; lastKnownFileType = text; path = Solutie1in.txt; sourceTree = "<group>"; };
		DFC51CE12CB5590000B74DA1 /* Solutie1out.txt */ = {isa = PBXFileReference; lastKnownFileType = text; path = Solutie1out.txt; sourceTree = "<group>"; };
		DFC51CE42CB55F9000B74DA1 /* Solutie1.hpp */ = {isa = PBXFileReference; lastKnownFileType = sourcecode.cpp.h; path = Solutie1.hpp; sourceTree = "<group>"; };
		DFC51CE52CB55F9000B74DA1 /* Solutie1.cpp */ = {isa = PBXFileReference; lastKnownFileType = sourcecode.cpp.cpp; path = Solutie1.cpp; sourceTree = "<group>"; };
		DFC51CE92CB5612900B74DA1 /* Solutie2.hpp */ = {isa = PBXFileReference; lastKnownFileType = sourcecode.cpp.h; path = Solutie2.hpp; sourceTree = "<group>"; };
		DFC51CEA2CB5612900B74DA1 /* Solutie2.cpp */ = {isa = PBXFileReference; lastKnownFileType = sourcecode.cpp.cpp; path = Solutie2.cpp; sourceTree = "<group>"; };
		DFC51CED2CB58E5E00B74DA1 /* Solutie3.hpp */ = {isa = PBXFileReference; lastKnownFileType = sourcecode.cpp.h; path = Solutie3.hpp; sourceTree = "<group>"; };
		DFC51CEE2CB58E5E00B74DA1 /* Solutie3.cpp */ = {isa = PBXFileReference; lastKnownFileType = sourcecode.cpp.cpp; path = Solutie3.cpp; sourceTree = "<group>"; };
		DFCACBE12C94887D00891351 /* SinglyLinkedList.cpp */ = {isa = PBXFileReference; lastKnownFileType = sourcecode.cpp.cpp; path = SinglyLinkedList.cpp; sourceTree = "<group>"; };
		DFCACBE22C94887D00891351 /* SinglyLinkedList.hpp */ = {isa = PBXFileReference; lastKnownFileType = sourcecode.cpp.h; path = SinglyLinkedList.hpp; sourceTree = "<group>"; };
		DFCACBE42C948ED600891351 /* Learn.hpp */ = {isa = PBXFileReference; lastKnownFileType = sourcecode.cpp.h; path = Learn.hpp; sourceTree = "<group>"; };
		DFCACBE72C94B2DD00891351 /* DoublyLinkedList.cpp */ = {isa = PBXFileReference; lastKnownFileType = sourcecode.cpp.cpp; path = DoublyLinkedList.cpp; sourceTree = "<group>"; };
		DFCACBE82C94B2DD00891351 /* DoublyLinkedList.hpp */ = {isa = PBXFileReference; lastKnownFileType = sourcecode.cpp.h; path = DoublyLinkedList.hpp; sourceTree = "<group>"; };
		DFEAC93C2CAC2CE5002B8E88 /* LinearSearch.hpp */ = {isa = PBXFileReference; lastKnownFileType = sourcecode.cpp.h; path = LinearSearch.hpp; sourceTree = "<group>"; };
		DFEAC93D2CAC2CE5002B8E88 /* LinearSearch.cpp */ = {isa = PBXFileReference; lastKnownFileType = sourcecode.cpp.cpp; path = LinearSearch.cpp; sourceTree = "<group>"; };
		DFEAC9402CAC5BD6002B8E88 /* BinarySearch.hpp */ = {isa = PBXFileReference; lastKnownFileType = sourcecode.cpp.h; path = BinarySearch.hpp; sourceTree = "<group>"; };
		DFEAC9412CAC5BD6002B8E88 /* BinarySearch.cpp */ = {isa = PBXFileReference; lastKnownFileType = sourcecode.cpp.cpp; path = BinarySearch.cpp; sourceTree = "<group>"; };
		DFEAC9452CAE0BDD002B8E88 /* InterpolationSearch.hpp */ = {isa = PBXFileReference; lastKnownFileType = sourcecode.cpp.h; path = InterpolationSearch.hpp; sourceTree = "<group>"; };
		DFEAC9462CAE0BDD002B8E88 /* InterpolationSearch.cpp */ = {isa = PBXFileReference; lastKnownFileType = sourcecode.cpp.cpp; path = InterpolationSearch.cpp; sourceTree = "<group>"; };
		DFEAC9492CAE1B22002B8E88 /* BubbleSort.hpp */ = {isa = PBXFileReference; lastKnownFileType = sourcecode.cpp.h; path = BubbleSort.hpp; sourceTree = "<group>"; };
		DFEAC94A2CAE1B22002B8E88 /* BubbleSort.cpp */ = {isa = PBXFileReference; lastKnownFileType = sourcecode.cpp.cpp; path = BubbleSort.cpp; sourceTree = "<group>"; };
		DFEAC94D2CAE21CA002B8E88 /* SelectionSort.hpp */ = {isa = PBXFileReference; lastKnownFileType = sourcecode.cpp.h; path = SelectionSort.hpp; sourceTree = "<group>"; };
		DFEAC94E2CAE21CA002B8E88 /* SelectionSort.cpp */ = {isa = PBXFileReference; lastKnownFileType = sourcecode.cpp.cpp; path = SelectionSort.cpp; sourceTree = "<group>"; };
		DFEAC9512CAE271E002B8E88 /* InsertionSort.hpp */ = {isa = PBXFileReference; lastKnownFileType = sourcecode.cpp.h; path = InsertionSort.hpp; sourceTree = "<group>"; };
		DFEAC9522CAE271E002B8E88 /* InsertionSort.cpp */ = {isa = PBXFileReference; lastKnownFileType = sourcecode.cpp.cpp; path = InsertionSort.cpp; sourceTree = "<group>"; };
		DFEAC9552CAE34A9002B8E88 /* QuickSort.hpp */ = {isa = PBXFileReference; lastKnownFileType = sourcecode.cpp.h; path = QuickSort.hpp; sourceTree = "<group>"; };
		DFEAC9562CAE34A9002B8E88 /* QuickSort.cpp */ = {isa = PBXFileReference; lastKnownFileType = sourcecode.cpp.cpp; path = QuickSort.cpp; sourceTree = "<group>"; };
		DFED59772CC2BC5500796A2A /* DepthFirstSearch.hpp */ = {isa = PBXFileReference; lastKnownFileType = sourcecode.cpp.h; path = DepthFirstSearch.hpp; sourceTree = "<group>"; };
		DFED59782CC2BC5500796A2A /* DepthFirstSearch.cpp */ = {isa = PBXFileReference; lastKnownFileType = sourcecode.cpp.cpp; path = DepthFirstSearch.cpp; sourceTree = "<group>"; };
/* End PBXFileReference section */

/* Begin PBXFrameworksBuildPhase section */
		DF308A602C9200100087D743 /* Frameworks */ = {
			isa = PBXFrameworksBuildPhase;
			buildActionMask = 2147483647;
			files = (
			);
			runOnlyForDeploymentPostprocessing = 0;
		};
/* End PBXFrameworksBuildPhase section */

/* Begin PBXGroup section */
		DF08542A2CA28061001AB2E3 /* DynamicArray */ = {
			isa = PBXGroup;
			children = (
				DF08542B2CA28097001AB2E3 /* DynamicArray.hpp */,
				DF08542C2CA28097001AB2E3 /* DynamicArray.cpp */,
			);
			path = DynamicArray;
			sourceTree = "<group>";
		};
		DF2A8D1E2CC2B2B200E445EE /* AdjacencyLists */ = {
			isa = PBXGroup;
			children = (
				DF2A8D1F2CC2B2D900E445EE /* AdjacencyLists.hpp */,
				DF2A8D202CC2B2D900E445EE /* AdjacencyLists.cpp */,
			);
			path = AdjacencyLists;
			sourceTree = "<group>";
		};
		DF308A5A2C9200100087D743 = {
			isa = PBXGroup;
			children = (
				DF3AB67F2C93669B0087FDF0 /* main.cpp */,
				DF3AB6782C935CFD0087FDF0 /* Learn */,
				DF308A652C9200100087D743 /* Practice */,
				DF308A642C9200100087D743 /* Products */,
			);
			sourceTree = "<group>";
		};
		DF308A642C9200100087D743 /* Products */ = {
			isa = PBXGroup;
			children = (
				DF308A632C9200100087D743 /* Algorithms */,
			);
			name = Products;
			sourceTree = "<group>";
		};
		DF308A652C9200100087D743 /* Practice */ = {
			isa = PBXGroup;
			children = (
				DFC51CE22CB55F6800B74DA1 /* Lectii */,
				DF9428DD2C99A91A00A017B6 /* RomanToInteger */,
				DF3AB6742C9356700087FDF0 /* RearrangingArray  */,
				DF308A762C9344840087D743 /* ProductArrayPuzzle */,
			);
			path = Practice;
			sourceTree = "<group>";
		};
		DF308A762C9344840087D743 /* ProductArrayPuzzle */ = {
			isa = PBXGroup;
			children = (
				DF308A702C92059B0087D743 /* ProductArrayPuzzle.cpp */,
				DF308A752C9210890087D743 /* ProductArrayPuzzle.hpp */,
			);
			path = ProductArrayPuzzle;
			sourceTree = "<group>";
		};
		DF36C84D2CC7CC0800820A7F /* Solutie5 */ = {
			isa = PBXGroup;
			children = (
				DF36C84E2CC7CC1D00820A7F /* Solutie5.hpp */,
				DF36C84F2CC7CC1D00820A7F /* Solutie5.cpp */,
			);
			path = Solutie5;
			sourceTree = "<group>";
		};
		DF3AB6742C9356700087FDF0 /* RearrangingArray  */ = {
			isa = PBXGroup;
			children = (
				DF3AB6752C9356AE0087FDF0 /* RearrangingArray.cpp */,
				DF3AB6762C9356AE0087FDF0 /* RearrangingArray.hpp */,
			);
			path = "RearrangingArray ";
			sourceTree = "<group>";
		};
		DF3AB6782C935CFD0087FDF0 /* Learn */ = {
			isa = PBXGroup;
			children = (
				DFCACBE42C948ED600891351 /* Learn.hpp */,
				DF3AB6812C9373BB0087FDF0 /* DataStructures */,
				DFEAC93A2CAC2C63002B8E88 /* Searches */,
				DF3AB6792C935D0A0087FDF0 /* Sorts */,
				DF72F1212CB830F200F0EE80 /* Graphs */,
				DFED59752CC2BB4200796A2A /* Trees */,
			);
			path = Learn;
			sourceTree = "<group>";
		};
		DF3AB6792C935D0A0087FDF0 /* Sorts */ = {
			isa = PBXGroup;
			children = (
				DFEAC9482CAE1AFF002B8E88 /* BubbleSort */,
				DFEAC94C2CAE21A5002B8E88 /* SelectionSort */,
				DFEAC9502CAE2705002B8E88 /* InsertionSort */,
				DF3AB67B2C935D510087FDF0 /* MergeSort */,
				DFEAC9542CAE346A002B8E88 /* QuickSort */,
			);
			path = Sorts;
			sourceTree = "<group>";
		};
		DF3AB67B2C935D510087FDF0 /* MergeSort */ = {
			isa = PBXGroup;
			children = (
				DF3AB67C2C935D720087FDF0 /* MergeSort.cpp */,
				DF3AB67D2C935D720087FDF0 /* MergeSort.hpp */,
			);
			path = MergeSort;
			sourceTree = "<group>";
		};
		DF3AB6812C9373BB0087FDF0 /* DataStructures */ = {
			isa = PBXGroup;
			children = (
				DF3AB6822C9374050087FDF0 /* Stack */,
				DF3AB6862C9382E20087FDF0 /* Queue */,
				DFCACBE02C94886400891351 /* LinkedList */,
				DF08542A2CA28061001AB2E3 /* DynamicArray */,
			);
			path = DataStructures;
			sourceTree = "<group>";
		};
		DF3AB6822C9374050087FDF0 /* Stack */ = {
			isa = PBXGroup;
			children = (
				DF3AB6832C93745B0087FDF0 /* Stack.cpp */,
				DF3AB6842C93745B0087FDF0 /* Stack.hpp */,
			);
			path = Stack;
			sourceTree = "<group>";
		};
		DF3AB6862C9382E20087FDF0 /* Queue */ = {
			isa = PBXGroup;
			children = (
				DF3AB6872C9383030087FDF0 /* Queue.cpp */,
				DF3AB6882C9383030087FDF0 /* Queue.hpp */,
			);
			path = Queue;
			sourceTree = "<group>";
		};
		DF522E412CBE919E00022B8B /* Solutie4 */ = {
			isa = PBXGroup;
			children = (
				DF522E422CBE91B500022B8B /* Solutie4.hpp */,
				DF522E432CBE91B500022B8B /* Solutie4.cpp */,
			);
			path = Solutie4;
			sourceTree = "<group>";
		};
		DF72F1212CB830F200F0EE80 /* Graphs */ = {
			isa = PBXGroup;
			children = (
				DF72F1222CB8312700F0EE80 /* AdjacencyMatrix */,
				DF2A8D1E2CC2B2B200E445EE /* AdjacencyLists */,
			);
			path = Graphs;
			sourceTree = "<group>";
		};
		DF72F1222CB8312700F0EE80 /* AdjacencyMatrix */ = {
			isa = PBXGroup;
			children = (
				DF72F1232CB833BA00F0EE80 /* AdjacencyMatrix.hpp */,
				DF72F1242CB833BA00F0EE80 /* AdjacencyMatrix.cpp */,
			);
			path = AdjacencyMatrix;
			sourceTree = "<group>";
		};
		DF9428DD2C99A91A00A017B6 /* RomanToInteger */ = {
			isa = PBXGroup;
			children = (
				DF9428DE2C99A96F00A017B6 /* romanToInteger.cpp */,
				DF9428DF2C99A96F00A017B6 /* romanToInteger.hpp */,
			);
			path = RomanToInteger;
			sourceTree = "<group>";
		};
		DFBD54032CD120A7000DFA38 /* Solutie6 */ = {
			isa = PBXGroup;
			children = (
				DFBD54042CD120E6000DFA38 /* Solutie6.hpp */,
				DFBD54052CD120E6000DFA38 /* Solutie6.cpp */,
			);
			path = Solutie6;
			sourceTree = "<group>";
		};
		DFC51CE22CB55F6800B74DA1 /* Lectii */ = {
			isa = PBXGroup;
			children = (
				DFBD54032CD120A7000DFA38 /* Solutie6 */,
				DF36C84D2CC7CC0800820A7F /* Solutie5 */,
				DF522E412CBE919E00022B8B /* Solutie4 */,
				DFC51CEC2CB58E4A00B74DA1 /* Solutie3 */,
				DFC51CE82CB5610700B74DA1 /* Solutie2 */,
				DFC51CE32CB55F7C00B74DA1 /* Solutie1 */,
				DFC51CE72CB5602B00B74DA1 /* Files */,
			);
			path = Lectii;
			sourceTree = "<group>";
		};
		DFC51CE32CB55F7C00B74DA1 /* Solutie1 */ = {
			isa = PBXGroup;
			children = (
				DFC51CE42CB55F9000B74DA1 /* Solutie1.hpp */,
				DFC51CE52CB55F9000B74DA1 /* Solutie1.cpp */,
			);
			path = Solutie1;
			sourceTree = "<group>";
		};
		DFC51CE72CB5602B00B74DA1 /* Files */ = {
			isa = PBXGroup;
			children = (
				DFC51CE02CB558DE00B74DA1 /* Solutie1in.txt */,
				DFC51CE12CB5590000B74DA1 /* Solutie1out.txt */,
			);
			path = Files;
			sourceTree = "<group>";
		};
		DFC51CE82CB5610700B74DA1 /* Solutie2 */ = {
			isa = PBXGroup;
			children = (
				DFC51CE92CB5612900B74DA1 /* Solutie2.hpp */,
				DFC51CEA2CB5612900B74DA1 /* Solutie2.cpp */,
			);
			path = Solutie2;
			sourceTree = "<group>";
		};
		DFC51CEC2CB58E4A00B74DA1 /* Solutie3 */ = {
			isa = PBXGroup;
			children = (
				DFC51CED2CB58E5E00B74DA1 /* Solutie3.hpp */,
				DFC51CEE2CB58E5E00B74DA1 /* Solutie3.cpp */,
			);
			path = Solutie3;
			sourceTree = "<group>";
		};
		DFCACBE02C94886400891351 /* LinkedList */ = {
			isa = PBXGroup;
			children = (
				DFCACBE52C94958E00891351 /* Singly */,
				DFCACBE62C9495B400891351 /* Doubly */,
			);
			path = LinkedList;
			sourceTree = "<group>";
		};
		DFCACBE52C94958E00891351 /* Singly */ = {
			isa = PBXGroup;
			children = (
				DFCACBE12C94887D00891351 /* SinglyLinkedList.cpp */,
				DFCACBE22C94887D00891351 /* SinglyLinkedList.hpp */,
			);
			path = Singly;
			sourceTree = "<group>";
		};
		DFCACBE62C9495B400891351 /* Doubly */ = {
			isa = PBXGroup;
			children = (
				DFCACBE72C94B2DD00891351 /* DoublyLinkedList.cpp */,
				DFCACBE82C94B2DD00891351 /* DoublyLinkedList.hpp */,
			);
			path = Doubly;
			sourceTree = "<group>";
		};
		DFEAC93A2CAC2C63002B8E88 /* Searches */ = {
			isa = PBXGroup;
			children = (
				DFEAC93B2CAC2CC4002B8E88 /* LinearSearch */,
				DFEAC93F2CAC5BB3002B8E88 /* BinarySearch */,
				DFEAC9432CAE0BA1002B8E88 /* InterpolationSearch */,
			);
			path = Searches;
			sourceTree = "<group>";
		};
		DFEAC93B2CAC2CC4002B8E88 /* LinearSearch */ = {
			isa = PBXGroup;
			children = (
				DFEAC93C2CAC2CE5002B8E88 /* LinearSearch.hpp */,
				DFEAC93D2CAC2CE5002B8E88 /* LinearSearch.cpp */,
			);
			path = LinearSearch;
			sourceTree = "<group>";
		};
		DFEAC93F2CAC5BB3002B8E88 /* BinarySearch */ = {
			isa = PBXGroup;
			children = (
				DFEAC9402CAC5BD6002B8E88 /* BinarySearch.hpp */,
				DFEAC9412CAC5BD6002B8E88 /* BinarySearch.cpp */,
			);
			path = BinarySearch;
			sourceTree = "<group>";
		};
		DFEAC9432CAE0BA1002B8E88 /* InterpolationSearch */ = {
			isa = PBXGroup;
			children = (
				DFEAC9452CAE0BDD002B8E88 /* InterpolationSearch.hpp */,
				DFEAC9462CAE0BDD002B8E88 /* InterpolationSearch.cpp */,
			);
			path = InterpolationSearch;
			sourceTree = "<group>";
		};
		DFEAC9482CAE1AFF002B8E88 /* BubbleSort */ = {
			isa = PBXGroup;
			children = (
				DFEAC9492CAE1B22002B8E88 /* BubbleSort.hpp */,
				DFEAC94A2CAE1B22002B8E88 /* BubbleSort.cpp */,
			);
			path = BubbleSort;
			sourceTree = "<group>";
		};
		DFEAC94C2CAE21A5002B8E88 /* SelectionSort */ = {
			isa = PBXGroup;
			children = (
				DFEAC94D2CAE21CA002B8E88 /* SelectionSort.hpp */,
				DFEAC94E2CAE21CA002B8E88 /* SelectionSort.cpp */,
			);
			path = SelectionSort;
			sourceTree = "<group>";
		};
		DFEAC9502CAE2705002B8E88 /* InsertionSort */ = {
			isa = PBXGroup;
			children = (
				DFEAC9512CAE271E002B8E88 /* InsertionSort.hpp */,
				DFEAC9522CAE271E002B8E88 /* InsertionSort.cpp */,
			);
			path = InsertionSort;
			sourceTree = "<group>";
		};
		DFEAC9542CAE346A002B8E88 /* QuickSort */ = {
			isa = PBXGroup;
			children = (
				DFEAC9552CAE34A9002B8E88 /* QuickSort.hpp */,
				DFEAC9562CAE34A9002B8E88 /* QuickSort.cpp */,
			);
			path = QuickSort;
			sourceTree = "<group>";
		};
		DFED59752CC2BB4200796A2A /* Trees */ = {
			isa = PBXGroup;
			children = (
				DFED59762CC2BC3100796A2A /* DepthFirstSearch */,
			);
			path = Trees;
			sourceTree = "<group>";
		};
		DFED59762CC2BC3100796A2A /* DepthFirstSearch */ = {
			isa = PBXGroup;
			children = (
				DFED59772CC2BC5500796A2A /* DepthFirstSearch.hpp */,
				DFED59782CC2BC5500796A2A /* DepthFirstSearch.cpp */,
			);
			path = DepthFirstSearch;
			sourceTree = "<group>";
		};
/* End PBXGroup section */

/* Begin PBXNativeTarget section */
		DF308A622C9200100087D743 /* Algorithms */ = {
			isa = PBXNativeTarget;
			buildConfigurationList = DF308A6A2C9200100087D743 /* Build configuration list for PBXNativeTarget "Algorithms" */;
			buildPhases = (
				DF308A5F2C9200100087D743 /* Sources */,
				DF308A602C9200100087D743 /* Frameworks */,
				DF308A612C9200100087D743 /* CopyFiles */,
			);
			buildRules = (
			);
			dependencies = (
			);
			name = Algorithms;
			productName = Algorithm;
			productReference = DF308A632C9200100087D743 /* Algorithms */;
			productType = "com.apple.product-type.tool";
		};
/* End PBXNativeTarget section */

/* Begin PBXProject section */
		DF308A5B2C9200100087D743 /* Project object */ = {
			isa = PBXProject;
			attributes = {
				BuildIndependentTargetsInParallel = 1;
				LastUpgradeCheck = 1600;
				TargetAttributes = {
					DF308A622C9200100087D743 = {
						CreatedOnToolsVersion = 15.4;
						LastSwiftMigration = 1600;
					};
				};
			};
			buildConfigurationList = DF308A5E2C9200100087D743 /* Build configuration list for PBXProject "Algorithms" */;
			compatibilityVersion = "Xcode 14.0";
			developmentRegion = en;
			hasScannedForEncodings = 0;
			knownRegions = (
				en,
				Base,
			);
			mainGroup = DF308A5A2C9200100087D743;
			productRefGroup = DF308A642C9200100087D743 /* Products */;
			projectDirPath = "";
			projectRoot = "";
			targets = (
				DF308A622C9200100087D743 /* Algorithms */,
			);
		};
/* End PBXProject section */

/* Begin PBXSourcesBuildPhase section */
		DF308A5F2C9200100087D743 /* Sources */ = {
			isa = PBXSourcesBuildPhase;
			buildActionMask = 2147483647;
			files = (
				DFED59792CC2BC5500796A2A /* DepthFirstSearch.cpp in Sources */,
				DFEAC94F2CAE21CA002B8E88 /* SelectionSort.cpp in Sources */,
				DFEAC93E2CAC2CE5002B8E88 /* LinearSearch.cpp in Sources */,
				DF3AB6852C93745B0087FDF0 /* Stack.cpp in Sources */,
				DF308A712C92059B0087D743 /* ProductArrayPuzzle.cpp in Sources */,
				DF522E442CBE91B500022B8B /* Solutie4.cpp in Sources */,
				DFBD54062CD120E6000DFA38 /* Solutie6.cpp in Sources */,
				DF3AB67E2C935D720087FDF0 /* MergeSort.cpp in Sources */,
				DFEAC9532CAE271E002B8E88 /* InsertionSort.cpp in Sources */,
				DFEAC9422CAC5BD6002B8E88 /* BinarySearch.cpp in Sources */,
				DF9428E02C99A96F00A017B6 /* romanToInteger.cpp in Sources */,
				DF3AB6892C9383030087FDF0 /* Queue.cpp in Sources */,
				DFC51CE62CB55F9000B74DA1 /* Solutie1.cpp in Sources */,
				DF3AB6802C93669B0087FDF0 /* main.cpp in Sources */,
				DFEAC9572CAE34A9002B8E88 /* QuickSort.cpp in Sources */,
				DF3AB6772C9356AE0087FDF0 /* RearrangingArray.cpp in Sources */,
				DFC51CEF2CB58E5E00B74DA1 /* Solutie3.cpp in Sources */,
				DF08542D2CA28097001AB2E3 /* DynamicArray.cpp in Sources */,
				DFC51CEB2CB5612900B74DA1 /* Solutie2.cpp in Sources */,
				DFCACBE92C94B2DD00891351 /* DoublyLinkedList.cpp in Sources */,
				DF2A8D212CC2B2D900E445EE /* AdjacencyLists.cpp in Sources */,
				DFEAC94B2CAE1B22002B8E88 /* BubbleSort.cpp in Sources */,
				DF72F1252CB833BA00F0EE80 /* AdjacencyMatrix.cpp in Sources */,
				DFCACBE32C94887D00891351 /* SinglyLinkedList.cpp in Sources */,
				DF36C8502CC7CC1D00820A7F /* Solutie5.cpp in Sources */,
				DFEAC9472CAE0BDD002B8E88 /* InterpolationSearch.cpp in Sources */,
			);
			runOnlyForDeploymentPostprocessing = 0;
		};
/* End PBXSourcesBuildPhase section */

/* Begin XCBuildConfiguration section */
		DF308A682C9200100087D743 /* Debug */ = {
			isa = XCBuildConfiguration;
			buildSettings = {
				ALWAYS_SEARCH_USER_PATHS = NO;
				ASSETCATALOG_COMPILER_GENERATE_SWIFT_ASSET_SYMBOL_EXTENSIONS = YES;
				CLANG_ANALYZER_NONNULL = YES;
				CLANG_ANALYZER_NUMBER_OBJECT_CONVERSION = YES_AGGRESSIVE;
				CLANG_CXX_LANGUAGE_STANDARD = "gnu++20";
				CLANG_ENABLE_MODULES = YES;
				CLANG_ENABLE_OBJC_ARC = YES;
				CLANG_ENABLE_OBJC_WEAK = YES;
				CLANG_WARN_BLOCK_CAPTURE_AUTORELEASING = YES;
				CLANG_WARN_BOOL_CONVERSION = YES;
				CLANG_WARN_COMMA = YES;
				CLANG_WARN_CONSTANT_CONVERSION = YES;
				CLANG_WARN_DEPRECATED_OBJC_IMPLEMENTATIONS = YES;
				CLANG_WARN_DIRECT_OBJC_ISA_USAGE = YES_ERROR;
				CLANG_WARN_DOCUMENTATION_COMMENTS = YES;
				CLANG_WARN_EMPTY_BODY = YES;
				CLANG_WARN_ENUM_CONVERSION = YES;
				CLANG_WARN_INFINITE_RECURSION = YES;
				CLANG_WARN_INT_CONVERSION = YES;
				CLANG_WARN_NON_LITERAL_NULL_CONVERSION = YES;
				CLANG_WARN_OBJC_IMPLICIT_RETAIN_SELF = YES;
				CLANG_WARN_OBJC_LITERAL_CONVERSION = YES;
				CLANG_WARN_OBJC_ROOT_CLASS = YES_ERROR;
				CLANG_WARN_QUOTED_INCLUDE_IN_FRAMEWORK_HEADER = YES;
				CLANG_WARN_RANGE_LOOP_ANALYSIS = YES;
				CLANG_WARN_STRICT_PROTOTYPES = YES;
				CLANG_WARN_SUSPICIOUS_MOVE = YES;
				CLANG_WARN_UNGUARDED_AVAILABILITY = YES_AGGRESSIVE;
				CLANG_WARN_UNREACHABLE_CODE = YES;
				CLANG_WARN__DUPLICATE_METHOD_MATCH = YES;
				COPY_PHASE_STRIP = NO;
				DEAD_CODE_STRIPPING = YES;
				DEBUG_INFORMATION_FORMAT = dwarf;
				ENABLE_STRICT_OBJC_MSGSEND = YES;
				ENABLE_TESTABILITY = YES;
				ENABLE_USER_SCRIPT_SANDBOXING = YES;
				GCC_C_LANGUAGE_STANDARD = gnu17;
				GCC_DYNAMIC_NO_PIC = NO;
				GCC_NO_COMMON_BLOCKS = YES;
				GCC_OPTIMIZATION_LEVEL = 0;
				GCC_PREPROCESSOR_DEFINITIONS = (
					"DEBUG=1",
					"$(inherited)",
				);
				GCC_WARN_64_TO_32_BIT_CONVERSION = YES;
				GCC_WARN_ABOUT_RETURN_TYPE = YES_ERROR;
				GCC_WARN_UNDECLARED_SELECTOR = YES;
				GCC_WARN_UNINITIALIZED_AUTOS = YES_AGGRESSIVE;
				GCC_WARN_UNUSED_FUNCTION = YES;
				GCC_WARN_UNUSED_VARIABLE = YES;
				LOCALIZATION_PREFERS_STRING_CATALOGS = YES;
				MACOSX_DEPLOYMENT_TARGET = 14.5;
				MTL_ENABLE_DEBUG_INFO = INCLUDE_SOURCE;
				MTL_FAST_MATH = YES;
				ONLY_ACTIVE_ARCH = YES;
				SDKROOT = macosx;
			};
			name = Debug;
		};
		DF308A692C9200100087D743 /* Release */ = {
			isa = XCBuildConfiguration;
			buildSettings = {
				ALWAYS_SEARCH_USER_PATHS = NO;
				ASSETCATALOG_COMPILER_GENERATE_SWIFT_ASSET_SYMBOL_EXTENSIONS = YES;
				CLANG_ANALYZER_NONNULL = YES;
				CLANG_ANALYZER_NUMBER_OBJECT_CONVERSION = YES_AGGRESSIVE;
				CLANG_CXX_LANGUAGE_STANDARD = "gnu++20";
				CLANG_ENABLE_MODULES = YES;
				CLANG_ENABLE_OBJC_ARC = YES;
				CLANG_ENABLE_OBJC_WEAK = YES;
				CLANG_WARN_BLOCK_CAPTURE_AUTORELEASING = YES;
				CLANG_WARN_BOOL_CONVERSION = YES;
				CLANG_WARN_COMMA = YES;
				CLANG_WARN_CONSTANT_CONVERSION = YES;
				CLANG_WARN_DEPRECATED_OBJC_IMPLEMENTATIONS = YES;
				CLANG_WARN_DIRECT_OBJC_ISA_USAGE = YES_ERROR;
				CLANG_WARN_DOCUMENTATION_COMMENTS = YES;
				CLANG_WARN_EMPTY_BODY = YES;
				CLANG_WARN_ENUM_CONVERSION = YES;
				CLANG_WARN_INFINITE_RECURSION = YES;
				CLANG_WARN_INT_CONVERSION = YES;
				CLANG_WARN_NON_LITERAL_NULL_CONVERSION = YES;
				CLANG_WARN_OBJC_IMPLICIT_RETAIN_SELF = YES;
				CLANG_WARN_OBJC_LITERAL_CONVERSION = YES;
				CLANG_WARN_OBJC_ROOT_CLASS = YES_ERROR;
				CLANG_WARN_QUOTED_INCLUDE_IN_FRAMEWORK_HEADER = YES;
				CLANG_WARN_RANGE_LOOP_ANALYSIS = YES;
				CLANG_WARN_STRICT_PROTOTYPES = YES;
				CLANG_WARN_SUSPICIOUS_MOVE = YES;
				CLANG_WARN_UNGUARDED_AVAILABILITY = YES_AGGRESSIVE;
				CLANG_WARN_UNREACHABLE_CODE = YES;
				CLANG_WARN__DUPLICATE_METHOD_MATCH = YES;
				COPY_PHASE_STRIP = NO;
				DEAD_CODE_STRIPPING = YES;
				DEBUG_INFORMATION_FORMAT = "dwarf-with-dsym";
				ENABLE_NS_ASSERTIONS = NO;
				ENABLE_STRICT_OBJC_MSGSEND = YES;
				ENABLE_USER_SCRIPT_SANDBOXING = YES;
				GCC_C_LANGUAGE_STANDARD = gnu17;
				GCC_NO_COMMON_BLOCKS = YES;
				GCC_WARN_64_TO_32_BIT_CONVERSION = YES;
				GCC_WARN_ABOUT_RETURN_TYPE = YES_ERROR;
				GCC_WARN_UNDECLARED_SELECTOR = YES;
				GCC_WARN_UNINITIALIZED_AUTOS = YES_AGGRESSIVE;
				GCC_WARN_UNUSED_FUNCTION = YES;
				GCC_WARN_UNUSED_VARIABLE = YES;
				LOCALIZATION_PREFERS_STRING_CATALOGS = YES;
				MACOSX_DEPLOYMENT_TARGET = 14.5;
				MTL_ENABLE_DEBUG_INFO = NO;
				MTL_FAST_MATH = YES;
				SDKROOT = macosx;
			};
			name = Release;
		};
		DF308A6B2C9200100087D743 /* Debug */ = {
			isa = XCBuildConfiguration;
			buildSettings = {
				CLANG_ENABLE_MODULES = YES;
				CODE_SIGN_STYLE = Automatic;
				DEAD_CODE_STRIPPING = YES;
				PRODUCT_NAME = "$(TARGET_NAME)";
				SWIFT_OPTIMIZATION_LEVEL = "-Onone";
				SWIFT_VERSION = 6.0;
			};
			name = Debug;
		};
		DF308A6C2C9200100087D743 /* Release */ = {
			isa = XCBuildConfiguration;
			buildSettings = {
				CLANG_ENABLE_MODULES = YES;
				CODE_SIGN_STYLE = Automatic;
				DEAD_CODE_STRIPPING = YES;
				PRODUCT_NAME = "$(TARGET_NAME)";
				SWIFT_VERSION = 6.0;
			};
			name = Release;
		};
/* End XCBuildConfiguration section */

/* Begin XCConfigurationList section */
		DF308A5E2C9200100087D743 /* Build configuration list for PBXProject "Algorithms" */ = {
			isa = XCConfigurationList;
			buildConfigurations = (
				DF308A682C9200100087D743 /* Debug */,
				DF308A692C9200100087D743 /* Release */,
			);
			defaultConfigurationIsVisible = 0;
			defaultConfigurationName = Release;
		};
		DF308A6A2C9200100087D743 /* Build configuration list for PBXNativeTarget "Algorithms" */ = {
			isa = XCConfigurationList;
			buildConfigurations = (
				DF308A6B2C9200100087D743 /* Debug */,
				DF308A6C2C9200100087D743 /* Release */,
			);
			defaultConfigurationIsVisible = 0;
			defaultConfigurationName = Release;
		};
/* End XCConfigurationList section */
	};
	rootObject = DF308A5B2C9200100087D743 /* Project object */;
}
